uuid: 40d9d6f0-5d19-44ba-844e-c412dcbd63ae
langcode: en
status: true
dependencies:
  module:
    - offer
    - system
    - user
  theme:
    - gin
id: bid_block
theme: gin
region: content
weight: -3
provider: null
plugin: offer_bidding_block
settings:
  id: offer_bidding_block
  label: 'Offer bid block'
  provider: offer
  label_display: '0'
visibility:
  user_role:
    id: user_role
    roles:
      authenticated: authenticated
    negate: false
    context_mapping:
      user: '@user.current_user_context:current_user'
  request_path:
    id: request_path
    pages: '/offer/*'
    negate: false
