uuid: 327f09e6-9f86-4833-82aa-d5c5013bdb62
langcode: en
status: true
dependencies:
  module:
    - offer
    - system
    - user
  theme:
    - gin
id: biddingtableblock
theme: gin
region: content
weight: -2
provider: null
plugin: offer_bidding_table_block
settings:
  id: offer_bidding_table_block
  label: 'Bidding table block'
  provider: offer
  label_display: '0'
visibility:
  request_path:
    id: request_path
    pages: '/offer/*'
    negate: false
  user_role:
    id: user_role
    roles:
      authenticated: authenticated
    negate: false
    context_mapping:
      user: '@user.current_user_context:current_user'
